
Microsoft Visual Studio Solution File, Format Version 12.00
Project("{2150E333-8FDC-42A3-9474-1A3956D46DE8}") = "Solution Items", "Solution Items", "{DACAADB8-B96E-4E6B-B6E3-9228ECA86C47}"
	ProjectSection(SolutionItems) = preProject
		.gitignore = .gitignore
		README.md = README.md
	EndProjectSection
EndProject
Project("{2150E333-8FDC-42A3-9474-1A3956D46DE8}") = "Tests", "Tests", "{37BF5A7B-1CD9-46BA-B5D3-3C64E7DF4E49}"
EndProject
Project("{FAE04EC0-301F-11D3-BF4B-00C04F79EFBC}") = "UrlShortener", "src\UrlShortener.csproj", "{2B995A93-8751-442F-8DEE-FA31583F9830}"
EndProject
Project("{FAE04EC0-301F-11D3-BF4B-00C04F79EFBC}") = "UrlShortener.UnitTests", "tests\UrlShortener.UnitTests\UrlShortener.UnitTests.csproj", "{1E55F306-655A-41AE-B0DD-61D364BA2489}"
EndProject
Global
	GlobalSection(SolutionConfigurationPlatforms) = preSolution
		Debug|Any CPU = Debug|Any CPU
		Release|Any CPU = Release|Any CPU
	EndGlobalSection
	GlobalSection(ProjectConfigurationPlatforms) = postSolution
		{2B995A93-8751-442F-8DEE-FA31583F9830}.Debug|Any CPU.ActiveCfg = Debug|Any CPU
		{2B995A93-8751-442F-8DEE-FA31583F9830}.Debug|Any CPU.Build.0 = Debug|Any CPU
		{2B995A93-8751-442F-8DEE-FA31583F9830}.Release|Any CPU.ActiveCfg = Release|Any CPU
		{2B995A93-8751-442F-8DEE-FA31583F9830}.Release|Any CPU.Build.0 = Release|Any CPU
		{1E55F306-655A-41AE-B0DD-61D364BA2489}.Debug|Any CPU.ActiveCfg = Debug|Any CPU
		{1E55F306-655A-41AE-B0DD-61D364BA2489}.Debug|Any CPU.Build.0 = Debug|Any CPU
		{1E55F306-655A-41AE-B0DD-61D364BA2489}.Release|Any CPU.ActiveCfg = Release|Any CPU
		{1E55F306-655A-41AE-B0DD-61D364BA2489}.Release|Any CPU.Build.0 = Release|Any CPU
	EndGlobalSection
	GlobalSection(NestedProjects) = preSolution
		{1E55F306-655A-41AE-B0DD-61D364BA2489} = {37BF5A7B-1CD9-46BA-B5D3-3C64E7DF4E49}
	EndGlobalSection
EndGlobal
